// !$*UTF8*$!
{
	archiveVersion = 1;
	classes = {
	};
	objectVersion = 46;
	objects = {

/* Begin PBXBuildFile section */
		13A4AFDF1558FEBA00479BC4 /* UIKit.framework in Frameworks */ = {isa = PBXBuildFile; fileRef = 13A4AFDE1558FEBA00479BC4 /* UIKit.framework */; };
		13A4AFE11558FEBB00479BC4 /* Foundation.framework in Frameworks */ = {isa = PBXBuildFile; fileRef = 13A4AFE01558FEBA00479BC4 /* Foundation.framework */; };
		13A4AFE31558FEBB00479BC4 /* CoreGraphics.framework in Frameworks */ = {isa = PBXBuildFile; fileRef = 13A4AFE21558FEBB00479BC4 /* CoreGraphics.framework */; };
		13A4AFE91558FEBB00479BC4 /* InfoPlist.strings in Resources */ = {isa = PBXBuildFile; fileRef = 13A4AFE71558FEBB00479BC4 /* InfoPlist.strings */; };
		13A4AFEB1558FEBB00479BC4 /* main.m in Sources */ = {isa = PBXBuildFile; fileRef = 13A4AFEA1558FEBB00479BC4 /* main.m */; };
		13A4AFEF1558FEBB00479BC4 /* AppDelegate.mm in Sources */ = {isa = PBXBuildFile; fileRef = 13A4AFEE1558FEBB00479BC4 /* AppDelegate.mm */; };
		13A4AFF21558FEBB00479BC4 /* ViewController.mm in Sources */ = {isa = PBXBuildFile; fileRef = 13A4AFF11558FEBB00479BC4 /* ViewController.mm */; };
		13A4AFF51558FEBB00479BC4 /* ViewController.xib in Resources */ = {isa = PBXBuildFile; fileRef = 13A4AFF31558FEBB00479BC4 /* ViewController.xib */; };
		13A4B0311559047900479BC4 /* libstdc++.6.0.9.dylib in Frameworks */ = {isa = PBXBuildFile; fileRef = 13A4B0301559047900479BC4 /* libstdc++.6.0.9.dylib */; };
		13A4B0331559048100479BC4 /* CoreLocation.framework in Frameworks */ = {isa = PBXBuildFile; fileRef = 13A4B0321559048100479BC4 /* CoreLocation.framework */; };
		13A4B0541559111800479BC4 /* CFNetwork.framework in Frameworks */ = {isa = PBXBuildFile; fileRef = 13A4B0531559111800479BC4 /* CFNetwork.framework */; };
		13A4B0561559112E00479BC4 /* MobileCoreServices.framework in Frameworks */ = {isa = PBXBuildFile; fileRef = 13A4B0551559112E00479BC4 /* MobileCoreServices.framework */; };
		13A4B05815591DB400479BC4 /* fenzujiantou.png in Resources */ = {isa = PBXBuildFile; fileRef = 13A4B05715591DB400479BC4 /* fenzujiantou.png */; };
		13DDCE76155B51D200F95E91 /* libiMapSDKLib.a in Frameworks */ = {isa = PBXBuildFile; fileRef = 13DDCE75155B51D200F95E91 /* libiMapSDKLib.a */; };
		13DDCE78155B5CF200F95E91 /* selfPnt.png in Resources */ = {isa = PBXBuildFile; fileRef = 13DDCE77155B5CF200F95E91 /* selfPnt.png */; };
		13DDCE7A155B5DA800F95E91 /* pinRed.png in Resources */ = {isa = PBXBuildFile; fileRef = 13DDCE79155B5DA800F95E91 /* pinRed.png */; };
/* End PBXBuildFile section */

/* Begin PBXFileReference section */
		13A4AFDA1558FEBA00479BC4 /* gaode.app */ = {isa = PBXFileReference; explicitFileType = wrapper.application; includeInIndex = 0; path = gaode.app; sourceTree = BUILT_PRODUCTS_DIR; };
		13A4AFDE1558FEBA00479BC4 /* UIKit.framework */ = {isa = PBXFileReference; lastKnownFileType = wrapper.framework; name = UIKit.framework; path = System/Library/Frameworks/UIKit.framework; sourceTree = SDKROOT; };
		13A4AFE01558FEBA00479BC4 /* Foundation.framework */ = {isa = PBXFileReference; lastKnownFileType = wrapper.framework; name = Foundation.framework; path = System/Library/Frameworks/Foundation.framework; sourceTree = SDKROOT; };
		13A4AFE21558FEBB00479BC4 /* CoreGraphics.framework */ = {isa = PBXFileReference; lastKnownFileType = wrapper.framework; name = CoreGraphics.framework; path = System/Library/Frameworks/CoreGraphics.framework; sourceTree = SDKROOT; };
		13A4AFE61558FEBB00479BC4 /* gaode-Info.plist */ = {isa = PBXFileReference; lastKnownFileType = text.plist.xml; path = "gaode-Info.plist"; sourceTree = "<group>"; };
		13A4AFE81558FEBB00479BC4 /* en */ = {isa = PBXFileReference; lastKnownFileType = text.plist.strings; name = en; path = en.lproj/InfoPlist.strings; sourceTree = "<group>"; };
		13A4AFEA1558FEBB00479BC4 /* main.m */ = {isa = PBXFileReference; lastKnownFileType = sourcecode.c.objc; path = main.m; sourceTree = "<group>"; };
		13A4AFEC1558FEBB00479BC4 /* gaode-Prefix.pch */ = {isa = PBXFileReference; lastKnownFileType = sourcecode.c.h; path = "gaode-Prefix.pch"; sourceTree = "<group>"; };
		13A4AFED1558FEBB00479BC4 /* AppDelegate.h */ = {isa = PBXFileReference; lastKnownFileType = sourcecode.c.h; path = AppDelegate.h; sourceTree = "<group>"; };
		13A4AFEE1558FEBB00479BC4 /* AppDelegate.mm */ = {isa = PBXFileReference; lastKnownFileType = sourcecode.cpp.objcpp; path = AppDelegate.mm; sourceTree = "<group>"; };
		13A4AFF01558FEBB00479BC4 /* ViewController.h */ = {isa = PBXFileReference; lastKnownFileType = sourcecode.c.h; path = ViewController.h; sourceTree = "<group>"; };
		13A4AFF11558FEBB00479BC4 /* ViewController.mm */ = {isa = PBXFileReference; lastKnownFileType = sourcecode.cpp.objcpp; path = ViewController.mm; sourceTree = "<group>"; };
		13A4AFF41558FEBB00479BC4 /* en */ = {isa = PBXFileReference; lastKnownFileType = file.xib; name = en; path = en.lproj/ViewController.xib; sourceTree = "<group>"; };
		13A4AFFD1558FECD00479BC4 /* htl.h */ = {isa = PBXFileReference; fileEncoding = 4; lastKnownFileType = sourcecode.c.h; path = htl.h; sourceTree = "<group>"; };
		13A4AFFE1558FECD00479BC4 /* htl_algo.h */ = {isa = PBXFileReference; fileEncoding = 4; lastKnownFileType = sourcecode.c.h; path = htl_algo.h; sourceTree = "<group>"; };
		13A4AFFF1558FECD00479BC4 /* htl_alloc.h */ = {isa = PBXFileReference; fileEncoding = 4; lastKnownFileType = sourcecode.c.h; path = htl_alloc.h; sourceTree = "<group>"; };
		13A4B0001558FECD00479BC4 /* htl_config.h */ = {isa = PBXFileReference; fileEncoding = 4; lastKnownFileType = sourcecode.c.h; path = htl_config.h; sourceTree = "<group>"; };
		13A4B0011558FECD00479BC4 /* htl_construct.h */ = {isa = PBXFileReference; fileEncoding = 4; lastKnownFileType = sourcecode.c.h; path = htl_construct.h; sourceTree = "<group>"; };
		13A4B0021558FECD00479BC4 /* htl_ctraits_fns.h */ = {isa = PBXFileReference; fileEncoding = 4; lastKnownFileType = sourcecode.c.h; path = htl_ctraits_fns.h; sourceTree = "<group>"; };
		13A4B0031558FECD00479BC4 /* htl_deque.h */ = {isa = PBXFileReference; fileEncoding = 4; lastKnownFileType = sourcecode.c.h; path = htl_deque.h; sourceTree = "<group>"; };
		13A4B0041558FECD00479BC4 /* htl_functional.h */ = {isa = PBXFileReference; fileEncoding = 4; lastKnownFileType = sourcecode.c.h; path = htl_functional.h; sourceTree = "<group>"; };
		13A4B0051558FECD00479BC4 /* htl_hash_fun.h */ = {isa = PBXFileReference; fileEncoding = 4; lastKnownFileType = sourcecode.c.h; path = htl_hash_fun.h; sourceTree = "<group>"; };
		13A4B0061558FECD00479BC4 /* htl_hash_map.h */ = {isa = PBXFileReference; fileEncoding = 4; lastKnownFileType = sourcecode.c.h; path = htl_hash_map.h; sourceTree = "<group>"; };
		13A4B0071558FECD00479BC4 /* htl_hash_multimap.h */ = {isa = PBXFileReference; fileEncoding = 4; lastKnownFileType = sourcecode.c.h; path = htl_hash_multimap.h; sourceTree = "<group>"; };
		13A4B0081558FECD00479BC4 /* htl_hash_multiset.h */ = {isa = PBXFileReference; fileEncoding = 4; lastKnownFileType = sourcecode.c.h; path = htl_hash_multiset.h; sourceTree = "<group>"; };
		13A4B0091558FECD00479BC4 /* htl_hash_set.h */ = {isa = PBXFileReference; fileEncoding = 4; lastKnownFileType = sourcecode.c.h; path = htl_hash_set.h; sourceTree = "<group>"; };
		13A4B00A1558FECD00479BC4 /* htl_hashtable.h */ = {isa = PBXFileReference; fileEncoding = 4; lastKnownFileType = sourcecode.c.h; path = htl_hashtable.h; sourceTree = "<group>"; };
		13A4B00B1558FECD00479BC4 /* htl_iterator.h */ = {isa = PBXFileReference; fileEncoding = 4; lastKnownFileType = sourcecode.c.h; path = htl_iterator.h; sourceTree = "<group>"; };
		13A4B00C1558FECD00479BC4 /* htl_list.h */ = {isa = PBXFileReference; fileEncoding = 4; lastKnownFileType = sourcecode.c.h; path = htl_list.h; sourceTree = "<group>"; };
		13A4B00D1558FECD00479BC4 /* htl_map.h */ = {isa = PBXFileReference; fileEncoding = 4; lastKnownFileType = sourcecode.c.h; path = htl_map.h; sourceTree = "<group>"; };
		13A4B00E1558FECD00479BC4 /* htl_multimap.h */ = {isa = PBXFileReference; fileEncoding = 4; lastKnownFileType = sourcecode.c.h; path = htl_multimap.h; sourceTree = "<group>"; };
		13A4B00F1558FECD00479BC4 /* htl_multiset.h */ = {isa = PBXFileReference; fileEncoding = 4; lastKnownFileType = sourcecode.c.h; path = htl_multiset.h; sourceTree = "<group>"; };
		13A4B0101558FECD00479BC4 /* htl_pair.h */ = {isa = PBXFileReference; fileEncoding = 4; lastKnownFileType = sourcecode.c.h; path = htl_pair.h; sourceTree = "<group>"; };
		13A4B0111558FECD00479BC4 /* htl_queue.h */ = {isa = PBXFileReference; fileEncoding = 4; lastKnownFileType = sourcecode.c.h; path = htl_queue.h; sourceTree = "<group>"; };
		13A4B0121558FECD00479BC4 /* htl_set.h */ = {isa = PBXFileReference; fileEncoding = 4; lastKnownFileType = sourcecode.c.h; path = htl_set.h; sourceTree = "<group>"; };
		13A4B0131558FECD00479BC4 /* htl_stack.h */ = {isa = PBXFileReference; fileEncoding = 4; lastKnownFileType = sourcecode.c.h; path = htl_stack.h; sourceTree = "<group>"; };
		13A4B0141558FECD00479BC4 /* htl_tree.h */ = {isa = PBXFileReference; fileEncoding = 4; lastKnownFileType = sourcecode.c.h; path = htl_tree.h; sourceTree = "<group>"; };
		13A4B0151558FECD00479BC4 /* htl_uninitialized.h */ = {isa = PBXFileReference; fileEncoding = 4; lastKnownFileType = sourcecode.c.h; path = htl_uninitialized.h; sourceTree = "<group>"; };
		13A4B0161558FECD00479BC4 /* htl_vector.h */ = {isa = PBXFileReference; fileEncoding = 4; lastKnownFileType = sourcecode.c.h; path = htl_vector.h; sourceTree = "<group>"; };
		13A4B0171558FECD00479BC4 /* Str.h */ = {isa = PBXFileReference; fileEncoding = 4; lastKnownFileType = sourcecode.c.h; path = Str.h; sourceTree = "<group>"; };
		13A4B0181558FECD00479BC4 /* MSearch.h */ = {isa = PBXFileReference; fileEncoding = 4; lastKnownFileType = sourcecode.c.h; path = MSearch.h; sourceTree = "<group>"; };
		13A4B0191558FECD00479BC4 /* MTAnnotation.h */ = {isa = PBXFileReference; fileEncoding = 4; lastKnownFileType = sourcecode.c.h; path = MTAnnotation.h; sourceTree = "<group>"; };
		13A4B01A1558FECD00479BC4 /* MTAnnotationView.h */ = {isa = PBXFileReference; fileEncoding = 4; lastKnownFileType = sourcecode.c.h; path = MTAnnotationView.h; sourceTree = "<group>"; };
		13A4B01B1558FECD00479BC4 /* MTCircleOverlayView.h */ = {isa = PBXFileReference; fileEncoding = 4; lastKnownFileType = sourcecode.c.h; path = MTCircleOverlayView.h; sourceTree = "<group>"; };
		13A4B01C1558FECD00479BC4 /* MTLabel.h */ = {isa = PBXFileReference; fileEncoding = 4; lastKnownFileType = sourcecode.c.h; path = MTLabel.h; sourceTree = "<group>"; };
		13A4B01D1558FECD00479BC4 /* MTMapObj.h */ = {isa = PBXFileReference; fileEncoding = 4; lastKnownFileType = sourcecode.c.h; path = MTMapObj.h; sourceTree = "<group>"; };
		13A4B01E1558FECD00479BC4 /* MTMapView.h */ = {isa = PBXFileReference; fileEncoding = 4; lastKnownFileType = sourcecode.c.h; path = MTMapView.h; sourceTree = "<group>"; };
		13A4B01F1558FECD00479BC4 /* MTMultiPointOverlayView.h */ = {isa = PBXFileReference; fileEncoding = 4; lastKnownFileType = sourcecode.c.h; path = MTMultiPointOverlayView.h; sourceTree = "<group>"; };
		13A4B0201558FECD00479BC4 /* MTOverlayView.h */ = {isa = PBXFileReference; fileEncoding = 4; lastKnownFileType = sourcecode.c.h; path = MTOverlayView.h; sourceTree = "<group>"; };
		13A4B0211558FECD00479BC4 /* MTPolygonOverlayView.h */ = {isa = PBXFileReference; fileEncoding = 4; lastKnownFileType = sourcecode.c.h; path = MTPolygonOverlayView.h; sourceTree = "<group>"; };
		13A4B0221558FECD00479BC4 /* MTPolylineOverlayView.h */ = {isa = PBXFileReference; fileEncoding = 4; lastKnownFileType = sourcecode.c.h; path = MTPolylineOverlayView.h; sourceTree = "<group>"; };
		13A4B0231558FECD00479BC4 /* MTUserLocation.h */ = {isa = PBXFileReference; fileEncoding = 4; lastKnownFileType = sourcecode.c.h; path = MTUserLocation.h; sourceTree = "<group>"; };
		13A4B0251558FECD00479BC4 /* sa_api.h */ = {isa = PBXFileReference; fileEncoding = 4; lastKnownFileType = sourcecode.c.h; path = sa_api.h; sourceTree = "<group>"; };
		13A4B0261558FECD00479BC4 /* sa_types.h */ = {isa = PBXFileReference; fileEncoding = 4; lastKnownFileType = sourcecode.c.h; path = sa_types.h; sourceTree = "<group>"; };
		13A4B0281558FECD00479BC4 /* ut_std.h */ = {isa = PBXFileReference; fileEncoding = 4; lastKnownFileType = sourcecode.c.h; path = ut_std.h; sourceTree = "<group>"; };
		13A4B0291558FECD00479BC4 /* ut_types.h */ = {isa = PBXFileReference; fileEncoding = 4; lastKnownFileType = sourcecode.c.h; path = ut_types.h; sourceTree = "<group>"; };
		13A4B0301559047900479BC4 /* libstdc++.6.0.9.dylib */ = {isa = PBXFileReference; lastKnownFileType = "compiled.mach-o.dylib"; name = "libstdc++.6.0.9.dylib"; path = "usr/lib/libstdc++.6.0.9.dylib"; sourceTree = SDKROOT; };
		13A4B0321559048100479BC4 /* CoreLocation.framework */ = {isa = PBXFileReference; lastKnownFileType = wrapper.framework; name = CoreLocation.framework; path = System/Library/Frameworks/CoreLocation.framework; sourceTree = SDKROOT; };
		13A4B0531559111800479BC4 /* CFNetwork.framework */ = {isa = PBXFileReference; lastKnownFileType = wrapper.framework; name = CFNetwork.framework; path = System/Library/Frameworks/CFNetwork.framework; sourceTree = SDKROOT; };
		13A4B0551559112E00479BC4 /* MobileCoreServices.framework */ = {isa = PBXFileReference; lastKnownFileType = wrapper.framework; name = MobileCoreServices.framework; path = System/Library/Frameworks/MobileCoreServices.framework; sourceTree = SDKROOT; };
		13A4B05715591DB400479BC4 /* fenzujiantou.png */ = {isa = PBXFileReference; lastKnownFileType = image.png; path = fenzujiantou.png; sourceTree = "<group>"; };
		13DDCE75155B51D200F95E91 /* libiMapSDKLib.a */ = {isa = PBXFileReference; lastKnownFileType = archive.ar; path = libiMapSDKLib.a; sourceTree = "<group>"; };
		13DDCE77155B5CF200F95E91 /* selfPnt.png */ = {isa = PBXFileReference; lastKnownFileType = image.png; path = selfPnt.png; sourceTree = "<group>"; };
		13DDCE79155B5DA800F95E91 /* pinRed.png */ = {isa = PBXFileReference; lastKnownFileType = image.png; path = pinRed.png; sourceTree = "<group>"; };
/* End PBXFileReference section */

/* Begin PBXFrameworksBuildPhase section */
		13A4AFD71558FEBA00479BC4 /* Frameworks */ = {
			isa = PBXFrameworksBuildPhase;
			buildActionMask = 2147483647;
			files = (
				13A4B0561559112E00479BC4 /* MobileCoreServices.framework in Frameworks */,
				13A4B0541559111800479BC4 /* CFNetwork.framework in Frameworks */,
				13A4B0331559048100479BC4 /* CoreLocation.framework in Frameworks */,
				13A4B0311559047900479BC4 /* libstdc++.6.0.9.dylib in Frameworks */,
				13A4AFE31558FEBB00479BC4 /* CoreGraphics.framework in Frameworks */,
				13A4AFDF1558FEBA00479BC4 /* UIKit.framework in Frameworks */,
				13A4AFE11558FEBB00479BC4 /* Foundation.framework in Frameworks */,
				13DDCE76155B51D200F95E91 /* libiMapSDKLib.a in Frameworks */,
			);
			runOnlyForDeploymentPostprocessing = 0;
		};
/* End PBXFrameworksBuildPhase section */

/* Begin PBXGroup section */
		13A4AFCF1558FEBA00479BC4 = {
			isa = PBXGroup;
			children = (
				13A4B0551559112E00479BC4 /* MobileCoreServices.framework */,
				13A4B0531559111800479BC4 /* CFNetwork.framework */,
				13A4B0321559048100479BC4 /* CoreLocation.framework */,
				13A4B0301559047900479BC4 /* libstdc++.6.0.9.dylib */,
				13A4AFE41558FEBB00479BC4 /* gaode */,
				13A4AFDD1558FEBA00479BC4 /* Frameworks */,
				13A4AFDB1558FEBA00479BC4 /* Products */,
			);
			sourceTree = "<group>";
		};
		13A4AFDB1558FEBA00479BC4 /* Products */ = {
			isa = PBXGroup;
			children = (
				13A4AFDA1558FEBA00479BC4 /* gaode.app */,
			);
			name = Products;
			sourceTree = "<group>";
		};
		13A4AFDD1558FEBA00479BC4 /* Frameworks */ = {
			isa = PBXGroup;
			children = (
				13A4AFDE1558FEBA00479BC4 /* UIKit.framework */,
				13A4AFE01558FEBA00479BC4 /* Foundation.framework */,
				13A4AFE21558FEBB00479BC4 /* CoreGraphics.framework */,
			);
			name = Frameworks;
			sourceTree = "<group>";
		};
		13A4AFE41558FEBB00479BC4 /* gaode */ = {
			isa = PBXGroup;
			children = (
				13DDCE75155B51D200F95E91 /* libiMapSDKLib.a */,
				13A4AFED1558FEBB00479BC4 /* AppDelegate.h */,
				13A4AFEE1558FEBB00479BC4 /* AppDelegate.mm */,
				13A4AFF01558FEBB00479BC4 /* ViewController.h */,
				13A4AFF11558FEBB00479BC4 /* ViewController.mm */,
				13A4AFF31558FEBB00479BC4 /* ViewController.xib */,
				13A4B05715591DB400479BC4 /* fenzujiantou.png */,
				13DDCE77155B5CF200F95E91 /* selfPnt.png */,
				13DDCE79155B5DA800F95E91 /* pinRed.png */,
				13A4AFFB1558FECD00479BC4 /* include */,
				13A4AFE51558FEBB00479BC4 /* Supporting Files */,
			);
			path = gaode;
			sourceTree = "<group>";
		};
		13A4AFE51558FEBB00479BC4 /* Supporting Files */ = {
			isa = PBXGroup;
			children = (
				13A4AFE61558FEBB00479BC4 /* gaode-Info.plist */,
				13A4AFE71558FEBB00479BC4 /* InfoPlist.strings */,
				13A4AFEA1558FEBB00479BC4 /* main.m */,
				13A4AFEC1558FEBB00479BC4 /* gaode-Prefix.pch */,
			);
			name = "Supporting Files";
			sourceTree = "<group>";
		};
		13A4AFFB1558FECD00479BC4 /* include */ = {
			isa = PBXGroup;
			children = (
				13A4AFFC1558FECD00479BC4 /* htl */,
				13A4B0181558FECD00479BC4 /* MSearch.h */,
				13A4B0191558FECD00479BC4 /* MTAnnotation.h */,
				13A4B01A1558FECD00479BC4 /* MTAnnotationView.h */,
				13A4B01B1558FECD00479BC4 /* MTCircleOverlayView.h */,
				13A4B01C1558FECD00479BC4 /* MTLabel.h */,
				13A4B01D1558FECD00479BC4 /* MTMapObj.h */,
				13A4B01E1558FECD00479BC4 /* MTMapView.h */,
				13A4B01F1558FECD00479BC4 /* MTMultiPointOverlayView.h */,
				13A4B0201558FECD00479BC4 /* MTOverlayView.h */,
				13A4B0211558FECD00479BC4 /* MTPolygonOverlayView.h */,
				13A4B0221558FECD00479BC4 /* MTPolylineOverlayView.h */,
				13A4B0231558FECD00479BC4 /* MTUserLocation.h */,
				13A4B0241558FECD00479BC4 /* sa */,
				13A4B0271558FECD00479BC4 /* ut */,
			);
			path = include;
			sourceTree = "<group>";
		};
		13A4AFFC1558FECD00479BC4 /* htl */ = {
			isa = PBXGroup;
			children = (
				13A4AFFD1558FECD00479BC4 /* htl.h */,
				13A4AFFE1558FECD00479BC4 /* htl_algo.h */,
				13A4AFFF1558FECD00479BC4 /* htl_alloc.h */,
				13A4B0001558FECD00479BC4 /* htl_config.h */,
				13A4B0011558FECD00479BC4 /* htl_construct.h */,
				13A4B0021558FECD00479BC4 /* htl_ctraits_fns.h */,
				13A4B0031558FECD00479BC4 /* htl_deque.h */,
				13A4B0041558FECD00479BC4 /* htl_functional.h */,
				13A4B0051558FECD00479BC4 /* htl_hash_fun.h */,
				13A4B0061558FECD00479BC4 /* htl_hash_map.h */,
				13A4B0071558FECD00479BC4 /* htl_hash_multimap.h */,
				13A4B0081558FECD00479BC4 /* htl_hash_multiset.h */,
				13A4B0091558FECD00479BC4 /* htl_hash_set.h */,
				13A4B00A1558FECD00479BC4 /* htl_hashtable.h */,
				13A4B00B1558FECD00479BC4 /* htl_iterator.h */,
				13A4B00C1558FECD00479BC4 /* htl_list.h */,
				13A4B00D1558FECD00479BC4 /* htl_map.h */,
				13A4B00E1558FECD00479BC4 /* htl_multimap.h */,
				13A4B00F1558FECD00479BC4 /* htl_multiset.h */,
				13A4B0101558FECD00479BC4 /* htl_pair.h */,
				13A4B0111558FECD00479BC4 /* htl_queue.h */,
				13A4B0121558FECD00479BC4 /* htl_set.h */,
				13A4B0131558FECD00479BC4 /* htl_stack.h */,
				13A4B0141558FECD00479BC4 /* htl_tree.h */,
				13A4B0151558FECD00479BC4 /* htl_uninitialized.h */,
				13A4B0161558FECD00479BC4 /* htl_vector.h */,
				13A4B0171558FECD00479BC4 /* Str.h */,
			);
			path = htl;
			sourceTree = "<group>";
		};
		13A4B0241558FECD00479BC4 /* sa */ = {
			isa = PBXGroup;
			children = (
				13A4B0251558FECD00479BC4 /* sa_api.h */,
				13A4B0261558FECD00479BC4 /* sa_types.h */,
			);
			path = sa;
			sourceTree = "<group>";
		};
		13A4B0271558FECD00479BC4 /* ut */ = {
			isa = PBXGroup;
			children = (
				13A4B0281558FECD00479BC4 /* ut_std.h */,
				13A4B0291558FECD00479BC4 /* ut_types.h */,
			);
			path = ut;
			sourceTree = "<group>";
		};
/* End PBXGroup section */

/* Begin PBXNativeTarget section */
		13A4AFD91558FEBA00479BC4 /* gaode */ = {
			isa = PBXNativeTarget;
			buildConfigurationList = 13A4AFF81558FEBB00479BC4 /* Build configuration list for PBXNativeTarget "gaode" */;
			buildPhases = (
				13A4AFD61558FEBA00479BC4 /* Sources */,
				13A4AFD71558FEBA00479BC4 /* Frameworks */,
				13A4AFD81558FEBA00479BC4 /* Resources */,
			);
			buildRules = (
			);
			dependencies = (
			);
			name = gaode;
			productName = gaode;
			productReference = 13A4AFDA1558FEBA00479BC4 /* gaode.app */;
			productType = "com.apple.product-type.application";
		};
/* End PBXNativeTarget section */

/* Begin PBXProject section */
		13A4AFD11558FEBA00479BC4 /* Project object */ = {
			isa = PBXProject;
			attributes = {
				LastUpgradeCheck = 0430;
				ORGANIZATIONNAME = Carsmart;
			};
			buildConfigurationList = 13A4AFD41558FEBA00479BC4 /* Build configuration list for PBXProject "gaode" */;
			compatibilityVersion = "Xcode 3.2";
			developmentRegion = English;
			hasScannedForEncodings = 0;
			knownRegions = (
				en,
			);
			mainGroup = 13A4AFCF1558FEBA00479BC4;
			productRefGroup = 13A4AFDB1558FEBA00479BC4 /* Products */;
			projectDirPath = "";
			projectRoot = "";
			targets = (
				13A4AFD91558FEBA00479BC4 /* gaode */,
			);
		};
/* End PBXProject section */

/* Begin PBXResourcesBuildPhase section */
		13A4AFD81558FEBA00479BC4 /* Resources */ = {
			isa = PBXResourcesBuildPhase;
			buildActionMask = 2147483647;
			files = (
				13A4AFE91558FEBB00479BC4 /* InfoPlist.strings in Resources */,
				13A4AFF51558FEBB00479BC4 /* ViewController.xib in Resources */,
				13A4B05815591DB400479BC4 /* fenzujiantou.png in Resources */,
				13DDCE78155B5CF200F95E91 /* selfPnt.png in Resources */,
				13DDCE7A155B5DA800F95E91 /* pinRed.png in Resources */,
			);
			runOnlyForDeploymentPostprocessing = 0;
		};
/* End PBXResourcesBuildPhase section */

/* Begin PBXSourcesBuildPhase section */
		13A4AFD61558FEBA00479BC4 /* Sources */ = {
			isa = PBXSourcesBuildPhase;
			buildActionMask = 2147483647;
			files = (
				13A4AFEB1558FEBB00479BC4 /* main.m in Sources */,
				13A4AFEF1558FEBB00479BC4 /* AppDelegate.mm in Sources */,
				13A4AFF21558FEBB00479BC4 /* ViewController.mm in Sources */,
			);
			runOnlyForDeploymentPostprocessing = 0;
		};
/* End PBXSourcesBuildPhase section */

/* Begin PBXVariantGroup section */
		13A4AFE71558FEBB00479BC4 /* InfoPlist.strings */ = {
			isa = PBXVariantGroup;
			children = (
				13A4AFE81558FEBB00479BC4 /* en */,
			);
			name = InfoPlist.strings;
			sourceTree = "<group>";
		};
		13A4AFF31558FEBB00479BC4 /* ViewController.xib */ = {
			isa = PBXVariantGroup;
			children = (
				13A4AFF41558FEBB00479BC4 /* en */,
			);
			name = ViewController.xib;
			sourceTree = "<group>";
		};
/* End PBXVariantGroup section */

/* Begin XCBuildConfiguration section */
		13A4AFF61558FEBB00479BC4 /* Debug */ = {
			isa = XCBuildConfiguration;
			buildSettings = {
				ALWAYS_SEARCH_USER_PATHS = NO;
				ARCHS = "$(ARCHS_STANDARD_32_BIT)";
				"CODE_SIGN_IDENTITY[sdk=iphoneos*]" = "iPhone Developer";
				COPY_PHASE_STRIP = NO;
				GCC_C_LANGUAGE_STANDARD = gnu99;
				GCC_DYNAMIC_NO_PIC = NO;
				GCC_OPTIMIZATION_LEVEL = 0;
				GCC_PREPROCESSOR_DEFINITIONS = (
					"DEBUG=1",
					"$(inherited)",
				);
				GCC_SYMBOLS_PRIVATE_EXTERN = NO;
				GCC_VERSION = com.apple.compilers.llvm.clang.1_0;
				GCC_WARN_ABOUT_RETURN_TYPE = YES;
				GCC_WARN_UNINITIALIZED_AUTOS = YES;
				GCC_WARN_UNUSED_VARIABLE = YES;
				IPHONEOS_DEPLOYMENT_TARGET = 5.1;
				SDKROOT = iphoneos;
				VALID_ARCHS = armv7;
			};
			name = Debug;
		};
		13A4AFF71558FEBB00479BC4 /* Release */ = {
			isa = XCBuildConfiguration;
			buildSettings = {
				ALWAYS_SEARCH_USER_PATHS = NO;
				ARCHS = "$(ARCHS_STANDARD_32_BIT)";
				"CODE_SIGN_IDENTITY[sdk=iphoneos*]" = "iPhone Developer";
				COPY_PHASE_STRIP = YES;
				GCC_C_LANGUAGE_STANDARD = gnu99;
				GCC_VERSION = com.apple.compilers.llvm.clang.1_0;
				GCC_WARN_ABOUT_RETURN_TYPE = YES;
				GCC_WARN_UNINITIALIZED_AUTOS = YES;
				GCC_WARN_UNUSED_VARIABLE = YES;
				IPHONEOS_DEPLOYMENT_TARGET = 5.1;
				OTHER_CFLAGS = "-DNS_BLOCK_ASSERTIONS=1";
				SDKROOT = iphoneos;
				VALIDATE_PRODUCT = YES;
				VALID_ARCHS = armv7;
			};
			name = Release;
		};
		13A4AFF91558FEBB00479BC4 /* Debug */ = {
			isa = XCBuildConfiguration;
			buildSettings = {
				GCC_PRECOMPILE_PREFIX_HEADER = YES;
				GCC_PREFIX_HEADER = "gaode/gaode-Prefix.pch";
				INFOPLIST_FILE = "gaode/gaode-Info.plist";
				IPHONEOS_DEPLOYMENT_TARGET = 5.0;
				LIBRARY_SEARCH_PATHS = (
					"$(inherited)",
					"\"$(SRCROOT)/gaode\"",
				);
				PRODUCT_NAME = "$(TARGET_NAME)";
				USER_HEADER_SEARCH_PATHS = "$(BUILT_PRODUCTS_DIR)/**";
				WRAPPER_EXTENSION = app;
			};
			name = Debug;
		};
		13A4AFFA1558FEBB00479BC4 /* Release */ = {
			isa = XCBuildConfiguration;
			buildSettings = {
				GCC_PRECOMPILE_PREFIX_HEADER = YES;
				GCC_PREFIX_HEADER = "gaode/gaode-Prefix.pch";
				INFOPLIST_FILE = "gaode/gaode-Info.plist";
				IPHONEOS_DEPLOYMENT_TARGET = 5.0;
				LIBRARY_SEARCH_PATHS = (
					"$(inherited)",
					"\"$(SRCROOT)/gaode\"",
				);
				PRODUCT_NAME = "$(TARGET_NAME)";
				USER_HEADER_SEARCH_PATHS = "$(BUILT_PRODUCTS_DIR)/**";
				WRAPPER_EXTENSION = app;
			};
			name = Release;
		};
/* End XCBuildConfiguration section */

/* Begin XCConfigurationList section */
		13A4AFD41558FEBA00479BC4 /* Build configuration list for PBXProject "gaode" */ = {
			isa = XCConfigurationList;
			buildConfigurations = (
				13A4AFF61558FEBB00479BC4 /* Debug */,
				13A4AFF71558FEBB00479BC4 /* Release */,
			);
			defaultConfigurationIsVisible = 0;
			defaultConfigurationName = Release;
		};
		13A4AFF81558FEBB00479BC4 /* Build configuration list for PBXNativeTarget "gaode" */ = {
			isa = XCConfigurationList;
			buildConfigurations = (
				13A4AFF91558FEBB00479BC4 /* Debug */,
				13A4AFFA1558FEBB00479BC4 /* Release */,
			);
			defaultConfigurationIsVisible = 0;
			defaultConfigurationName = Release;
		};
/* End XCConfigurationList section */
	};
	rootObject = 13A4AFD11558FEBA00479BC4 /* Project object */;
}
